
Microsoft Visual Studio Solution File, Format Version 12.00
# Visual Studio 15
VisualStudioVersion = 15.0.27130.2010
MinimumVisualStudioVersion = 10.0.40219.1
Project("{FAE04EC0-301F-11D3-BF4B-00C04F79EFBC}") = "Echo_Newspaper.Android", "Echo_Newspaper\Echo_Newspaper.Android\Echo_Newspaper.Android.csproj", "{E9394256-9B74-4EAE-A87E-89406DE8B80A}"
EndProject
Project("{FAE04EC0-301F-11D3-BF4B-00C04F79EFBC}") = "Echo_Newspaper.iOS", "Echo_Newspaper\Echo_Newspaper.iOS\Echo_Newspaper.iOS.csproj", "{B07BD225-1B79-44D9-8BA9-A051DE1B0BE0}"
EndProject
Project("{D954291E-2A0B-460D-934E-DC6B0785DB48}") = "Echo_Newspaper", "Echo_Newspaper\Echo_Newspaper\Echo_Newspaper.shproj", "{7BC53F53-0E73-4E2D-A78E-1ACDCA9500E9}"
EndProject
Global
	GlobalSection(SharedMSBuildProjectFiles) = preSolution
		Echo_Newspaper\Echo_Newspaper\Echo_Newspaper.projitems*{7bc53f53-0e73-4e2d-a78e-1acdca9500e9}*SharedItemsImports = 13
		Echo_Newspaper\Echo_Newspaper\Echo_Newspaper.projitems*{b07bd225-1b79-44d9-8ba9-a051de1b0be0}*SharedItemsImports = 4
		Echo_Newspaper\Echo_Newspaper\Echo_Newspaper.projitems*{e9394256-9b74-4eae-a87e-89406de8b80a}*SharedItemsImports = 4
	EndGlobalSection
	GlobalSection(SolutionConfigurationPlatforms) = preSolution
		Ad-Hoc|Any CPU = Ad-Hoc|Any CPU
		Ad-Hoc|iPhone = Ad-Hoc|iPhone
		Ad-Hoc|iPhoneSimulator = Ad-Hoc|iPhoneSimulator
		AppStore|Any CPU = AppStore|Any CPU
		AppStore|iPhone = AppStore|iPhone
		AppStore|iPhoneSimulator = AppStore|iPhoneSimulator
		Debug|Any CPU = Debug|Any CPU
		Debug|iPhone = Debug|iPhone
		Debug|iPhoneSimulator = Debug|iPhoneSimulator
		Release|Any CPU = Release|Any CPU
		Release|iPhone = Release|iPhone
		Release|iPhoneSimulator = Release|iPhoneSimulator
	EndGlobalSection
	GlobalSection(ProjectConfigurationPlatforms) = postSolution
		{E9394256-9B74-4EAE-A87E-89406DE8B80A}.Ad-Hoc|Any CPU.ActiveCfg = Release|Any CPU
		{E9394256-9B74-4EAE-A87E-89406DE8B80A}.Ad-Hoc|Any CPU.Build.0 = Release|Any CPU
		{E9394256-9B74-4EAE-A87E-89406DE8B80A}.Ad-Hoc|Any CPU.Deploy.0 = Release|Any CPU
		{E9394256-9B74-4EAE-A87E-89406DE8B80A}.Ad-Hoc|iPhone.ActiveCfg = Release|Any CPU
		{E9394256-9B74-4EAE-A87E-89406DE8B80A}.Ad-Hoc|iPhone.Build.0 = Release|Any CPU
		{E9394256-9B74-4EAE-A87E-89406DE8B80A}.Ad-Hoc|iPhone.Deploy.0 = Release|Any CPU
		{E9394256-9B74-4EAE-A87E-89406DE8B80A}.Ad-Hoc|iPhoneSimulator.ActiveCfg = Release|Any CPU
		{E9394256-9B74-4EAE-A87E-89406DE8B80A}.Ad-Hoc|iPhoneSimulator.Build.0 = Release|Any CPU
		{E9394256-9B74-4EAE-A87E-89406DE8B80A}.Ad-Hoc|iPhoneSimulator.Deploy.0 = Release|Any CPU
		{E9394256-9B74-4EAE-A87E-89406DE8B80A}.AppStore|Any CPU.ActiveCfg = Release|Any CPU
		{E9394256-9B74-4EAE-A87E-89406DE8B80A}.AppStore|Any CPU.Build.0 = Release|Any CPU
		{E9394256-9B74-4EAE-A87E-89406DE8B80A}.AppStore|Any CPU.Deploy.0 = Release|Any CPU
		{E9394256-9B74-4EAE-A87E-89406DE8B80A}.AppStore|iPhone.ActiveCfg = Release|Any CPU
		{E9394256-9B74-4EAE-A87E-89406DE8B80A}.AppStore|iPhone.Build.0 = Release|Any CPU
		{E9394256-9B74-4EAE-A87E-89406DE8B80A}.AppStore|iPhone.Deploy.0 = Release|Any CPU
		{E9394256-9B74-4EAE-A87E-89406DE8B80A}.AppStore|iPhoneSimulator.ActiveCfg = Release|Any CPU
		{E9394256-9B74-4EAE-A87E-89406DE8B80A}.AppStore|iPhoneSimulator.Build.0 = Release|Any CPU
		{E9394256-9B74-4EAE-A87E-89406DE8B80A}.AppStore|iPhoneSimulator.Deploy.0 = Release|Any CPU
		{E9394256-9B74-4EAE-A87E-89406DE8B80A}.Debug|Any CPU.ActiveCfg = Debug|Any CPU
		{E9394256-9B74-4EAE-A87E-89406DE8B80A}.Debug|Any CPU.Build.0 = Debug|Any CPU
		{E9394256-9B74-4EAE-A87E-89406DE8B80A}.Debug|Any CPU.Deploy.0 = Debug|Any CPU
		{E9394256-9B74-4EAE-A87E-89406DE8B80A}.Debug|iPhone.ActiveCfg = Debug|Any CPU
		{E9394256-9B74-4EAE-A87E-89406DE8B80A}.Debug|iPhone.Build.0 = Debug|Any CPU
		{E9394256-9B74-4EAE-A87E-89406DE8B80A}.Debug|iPhone.Deploy.0 = Debug|Any CPU
		{E9394256-9B74-4EAE-A87E-89406DE8B80A}.Debug|iPhoneSimulator.ActiveCfg = Debug|Any CPU
		{E9394256-9B74-4EAE-A87E-89406DE8B80A}.Debug|iPhoneSimulator.Build.0 = Debug|Any CPU
		{E9394256-9B74-4EAE-A87E-89406DE8B80A}.Debug|iPhoneSimulator.Deploy.0 = Debug|Any CPU
		{E9394256-9B74-4EAE-A87E-89406DE8B80A}.Release|Any CPU.ActiveCfg = Release|Any CPU
		{E9394256-9B74-4EAE-A87E-89406DE8B80A}.Release|Any CPU.Build.0 = Release|Any CPU
		{E9394256-9B74-4EAE-A87E-89406DE8B80A}.Release|Any CPU.Deploy.0 = Release|Any CPU
		{E9394256-9B74-4EAE-A87E-89406DE8B80A}.Release|iPhone.ActiveCfg = Release|Any CPU
		{E9394256-9B74-4EAE-A87E-89406DE8B80A}.Release|iPhone.Build.0 = Release|Any CPU
		{E9394256-9B74-4EAE-A87E-89406DE8B80A}.Release|iPhone.Deploy.0 = Release|Any CPU
		{E9394256-9B74-4EAE-A87E-89406DE8B80A}.Release|iPhoneSimulator.ActiveCfg = Release|Any CPU
		{E9394256-9B74-4EAE-A87E-89406DE8B80A}.Release|iPhoneSimulator.Build.0 = Release|Any CPU
		{E9394256-9B74-4EAE-A87E-89406DE8B80A}.Release|iPhoneSimulator.Deploy.0 = Release|Any CPU
		{B07BD225-1B79-44D9-8BA9-A051DE1B0BE0}.Ad-Hoc|Any CPU.ActiveCfg = Ad-Hoc|iPhone
		{B07BD225-1B79-44D9-8BA9-A051DE1B0BE0}.Ad-Hoc|iPhone.ActiveCfg = Ad-Hoc|iPhone
		{B07BD225-1B79-44D9-8BA9-A051DE1B0BE0}.Ad-Hoc|iPhone.Build.0 = Ad-Hoc|iPhone
		{B07BD225-1B79-44D9-8BA9-A051DE1B0BE0}.Ad-Hoc|iPhoneSimulator.ActiveCfg = Ad-Hoc|iPhoneSimulator
		{B07BD225-1B79-44D9-8BA9-A051DE1B0BE0}.Ad-Hoc|iPhoneSimulator.Build.0 = Ad-Hoc|iPhoneSimulator
		{B07BD225-1B79-44D9-8BA9-A051DE1B0BE0}.AppStore|Any CPU.ActiveCfg = AppStore|iPhone
		{B07BD225-1B79-44D9-8BA9-A051DE1B0BE0}.AppStore|iPhone.ActiveCfg = AppStore|iPhone
		{B07BD225-1B79-44D9-8BA9-A051DE1B0BE0}.AppStore|iPhone.Build.0 = AppStore|iPhone
		{B07BD225-1B79-44D9-8BA9-A051DE1B0BE0}.AppStore|iPhoneSimulator.ActiveCfg = AppStore|iPhoneSimulator
		{B07BD225-1B79-44D9-8BA9-A051DE1B0BE0}.AppStore|iPhoneSimulator.Build.0 = AppStore|iPhoneSimulator
		{B07BD225-1B79-44D9-8BA9-A051DE1B0BE0}.Debug|Any CPU.ActiveCfg = Debug|iPhone
		{B07BD225-1B79-44D9-8BA9-A051DE1B0BE0}.Debug|iPhone.ActiveCfg = Debug|iPhone
		{B07BD225-1B79-44D9-8BA9-A051DE1B0BE0}.Debug|iPhone.Build.0 = Debug|iPhone
		{B07BD225-1B79-44D9-8BA9-A051DE1B0BE0}.Debug|iPhoneSimulator.ActiveCfg = Debug|iPhoneSimulator
		{B07BD225-1B79-44D9-8BA9-A051DE1B0BE0}.Debug|iPhoneSimulator.Build.0 = Debug|iPhoneSimulator
		{B07BD225-1B79-44D9-8BA9-A051DE1B0BE0}.Release|Any CPU.ActiveCfg = Release|iPhone
		{B07BD225-1B79-44D9-8BA9-A051DE1B0BE0}.Release|iPhone.ActiveCfg = Release|iPhone
		{B07BD225-1B79-44D9-8BA9-A051DE1B0BE0}.Release|iPhone.Build.0 = Release|iPhone
		{B07BD225-1B79-44D9-8BA9-A051DE1B0BE0}.Release|iPhoneSimulator.ActiveCfg = Release|iPhoneSimulator
		{B07BD225-1B79-44D9-8BA9-A051DE1B0BE0}.Release|iPhoneSimulator.Build.0 = Release|iPhoneSimulator
	EndGlobalSection
	GlobalSection(SolutionProperties) = preSolution
		HideSolutionNode = FALSE
	EndGlobalSection
	GlobalSection(ExtensibilityGlobals) = postSolution
		SolutionGuid = {9C61A2B8-7D10-42FA-90E2-93EF3D49B38A}
	EndGlobalSection
EndGlobal
